
Microsoft Visual Studio Solution File, Format Version 12.00
# Visual Studio Version 16
VisualStudioVersion = 16.0.30523.141
MinimumVisualStudioVersion = 10.0.40219.1
Project("{FAE04EC0-301F-11D3-BF4B-00C04F79EFBC}") = "FileChangeTrackerAPI", "FileChangeTrackerAPI\FileChangeTrackerAPI.csproj", "{C5544796-92BB-4BEF-9659-398945AC6DAB}"
EndProject
Global
	GlobalSection(SolutionConfigurationPlatforms) = preSolution
		Debug|Any CPU = Debug|Any CPU
		Release|Any CPU = Release|Any CPU
	EndGlobalSection
	GlobalSection(ProjectConfigurationPlatforms) = postSolution
		{C5544796-92BB-4BEF-9659-398945AC6DAB}.Debug|Any CPU.ActiveCfg = Debug|Any CPU
		{C5544796-92BB-4BEF-9659-398945AC6DAB}.Debug|Any CPU.Build.0 = Debug|Any CPU
		{C5544796-92BB-4BEF-9659-398945AC6DAB}.Release|Any CPU.ActiveCfg = Release|Any CPU
		{C5544796-92BB-4BEF-9659-398945AC6DAB}.Release|Any CPU.Build.0 = Release|Any CPU
	EndGlobalSection
	GlobalSection(SolutionProperties) = preSolution
		HideSolutionNode = FALSE
	EndGlobalSection
	GlobalSection(ExtensibilityGlobals) = postSolution
		SolutionGuid = {46CA830C-DBD3-45C6-97F6-BB89B96C17E7}
	EndGlobalSection
EndGlobal
